
Microsoft Visual Studio Solution File, Format Version 12.00
# Visual Studio Version 17
VisualStudioVersion = 17.6.33829.357
MinimumVisualStudioVersion = 10.0.40219.1
Project("{9A19103F-16F7-4668-BE54-9A1E7A4F7556}") = "CustomEscapes", "CustomEscapes\CustomEscapes.csproj", "{9E304EAA-57DC-4B97-8139-F628A3A5269E}"
EndProject
Project("{FAE04EC0-301F-11D3-BF4B-00C04F79EFBC}") = "CustomEscapesSimplified", "CustomEscapesSimplified\CustomEscapesSimplified.csproj", "{638948B2-3119-4AF2-85E7-F73D504E1A9D}"
EndProject
Project("{FAE04EC0-301F-11D3-BF4B-00C04F79EFBC}") = "CustomEscapesReworked", "CustomEscapesReworked\CustomEscapesReworked.csproj", "{F9A5A610-3C39-4DC3-B445-60331EC8D528}"
EndProject
Global
	GlobalSection(SolutionConfigurationPlatforms) = preSolution
		Debug|Any CPU = Debug|Any CPU
		Release|Any CPU = Release|Any CPU
	EndGlobalSection
	GlobalSection(ProjectConfigurationPlatforms) = postSolution
		{9E304EAA-57DC-4B97-8139-F628A3A5269E}.Debug|Any CPU.ActiveCfg = Debug|Any CPU
		{9E304EAA-57DC-4B97-8139-F628A3A5269E}.Debug|Any CPU.Build.0 = Debug|Any CPU
		{9E304EAA-57DC-4B97-8139-F628A3A5269E}.Release|Any CPU.ActiveCfg = Release|Any CPU
		{9E304EAA-57DC-4B97-8139-F628A3A5269E}.Release|Any CPU.Build.0 = Release|Any CPU
		{638948B2-3119-4AF2-85E7-F73D504E1A9D}.Debug|Any CPU.ActiveCfg = Debug|Any CPU
		{638948B2-3119-4AF2-85E7-F73D504E1A9D}.Debug|Any CPU.Build.0 = Debug|Any CPU
		{638948B2-3119-4AF2-85E7-F73D504E1A9D}.Release|Any CPU.ActiveCfg = Release|Any CPU
		{638948B2-3119-4AF2-85E7-F73D504E1A9D}.Release|Any CPU.Build.0 = Release|Any CPU
		{F9A5A610-3C39-4DC3-B445-60331EC8D528}.Debug|Any CPU.ActiveCfg = Debug|Any CPU
		{F9A5A610-3C39-4DC3-B445-60331EC8D528}.Debug|Any CPU.Build.0 = Debug|Any CPU
		{F9A5A610-3C39-4DC3-B445-60331EC8D528}.Release|Any CPU.ActiveCfg = Release|Any CPU
		{F9A5A610-3C39-4DC3-B445-60331EC8D528}.Release|Any CPU.Build.0 = Release|Any CPU
	EndGlobalSection
	GlobalSection(SolutionProperties) = preSolution
		HideSolutionNode = FALSE
	EndGlobalSection
	GlobalSection(ExtensibilityGlobals) = postSolution
		SolutionGuid = {51537A4A-79EB-446D-BE14-FCB8189797BA}
	EndGlobalSection
EndGlobal
